
Microsoft Visual Studio Solution File, Format Version 12.00
# Visual Studio Version 17
VisualStudioVersion = 17.5.33530.505
MinimumVisualStudioVersion = 10.0.40219.1
Project("{2150E333-8FDC-42A3-9474-1A3956D46DE8}") = "AvroFusionSource", "AvroFusionSource", "{B764DA62-3CE5-4BB5-AE7D-B099FA5E7E4C}"
EndProject
Project("{9A19103F-16F7-4668-BE54-9A1E7A4F7556}") = "AvroFusionGenerator", "AvroFusionSource\AvroFusionGenerator\AvroFusionGenerator.csproj", "{13D7189C-D18E-45AD-9E8D-875EE62D343E}"
EndProject
Project("{2150E333-8FDC-42A3-9474-1A3956D46DE8}") = "SamplesAndTest", "SamplesAndTest", "{2317E9C1-7A04-46DA-A042-EC66C11BE2C2}"
EndProject
Project("{9A19103F-16F7-4668-BE54-9A1E7A4F7556}") = "Avro.SchemaGeneration.Sample.Model", "SampleAndTest\TestModels\Avro.SchemaGeneration.Sample.Model.csproj", "{4AC01257-7C90-46B7-B56B-584380554C5E}"
EndProject
Project("{9A19103F-16F7-4668-BE54-9A1E7A4F7556}") = "AvroFusionGeneratorReadMeUpdater", "AvroFusionSource\AvroFusionGeneratorReadMeUpdater\AvroFusionGeneratorReadMeUpdater.csproj", "{16015C64-A1F3-486B-B8BA-3F5F7DB813FC}"
EndProject
Project("{FAE04EC0-301F-11D3-BF4B-00C04F79EFBC}") = "AvroFusionGenerator.Tests", "AvroFusionGenerator.Tests\AvroFusionGenerator.Tests.csproj", "{A75B6170-B281-4C48-B005-8BC57AA138A8}"
EndProject
Global
	GlobalSection(SolutionConfigurationPlatforms) = preSolution
		Debug|Any CPU = Debug|Any CPU
		Release|Any CPU = Release|Any CPU
	EndGlobalSection
	GlobalSection(ProjectConfigurationPlatforms) = postSolution
		{13D7189C-D18E-45AD-9E8D-875EE62D343E}.Debug|Any CPU.ActiveCfg = Debug|Any CPU
		{13D7189C-D18E-45AD-9E8D-875EE62D343E}.Debug|Any CPU.Build.0 = Debug|Any CPU
		{13D7189C-D18E-45AD-9E8D-875EE62D343E}.Release|Any CPU.ActiveCfg = Release|Any CPU
		{13D7189C-D18E-45AD-9E8D-875EE62D343E}.Release|Any CPU.Build.0 = Release|Any CPU
		{4AC01257-7C90-46B7-B56B-584380554C5E}.Debug|Any CPU.ActiveCfg = Debug|Any CPU
		{4AC01257-7C90-46B7-B56B-584380554C5E}.Debug|Any CPU.Build.0 = Debug|Any CPU
		{4AC01257-7C90-46B7-B56B-584380554C5E}.Release|Any CPU.ActiveCfg = Release|Any CPU
		{4AC01257-7C90-46B7-B56B-584380554C5E}.Release|Any CPU.Build.0 = Release|Any CPU
		{16015C64-A1F3-486B-B8BA-3F5F7DB813FC}.Debug|Any CPU.ActiveCfg = Debug|Any CPU
		{16015C64-A1F3-486B-B8BA-3F5F7DB813FC}.Debug|Any CPU.Build.0 = Debug|Any CPU
		{16015C64-A1F3-486B-B8BA-3F5F7DB813FC}.Release|Any CPU.ActiveCfg = Release|Any CPU
		{16015C64-A1F3-486B-B8BA-3F5F7DB813FC}.Release|Any CPU.Build.0 = Release|Any CPU
		{A75B6170-B281-4C48-B005-8BC57AA138A8}.Debug|Any CPU.ActiveCfg = Debug|Any CPU
		{A75B6170-B281-4C48-B005-8BC57AA138A8}.Debug|Any CPU.Build.0 = Debug|Any CPU
		{A75B6170-B281-4C48-B005-8BC57AA138A8}.Release|Any CPU.ActiveCfg = Release|Any CPU
		{A75B6170-B281-4C48-B005-8BC57AA138A8}.Release|Any CPU.Build.0 = Release|Any CPU
	EndGlobalSection
	GlobalSection(SolutionProperties) = preSolution
		HideSolutionNode = FALSE
	EndGlobalSection
	GlobalSection(NestedProjects) = preSolution
		{13D7189C-D18E-45AD-9E8D-875EE62D343E} = {B764DA62-3CE5-4BB5-AE7D-B099FA5E7E4C}
		{4AC01257-7C90-46B7-B56B-584380554C5E} = {2317E9C1-7A04-46DA-A042-EC66C11BE2C2}
		{16015C64-A1F3-486B-B8BA-3F5F7DB813FC} = {B764DA62-3CE5-4BB5-AE7D-B099FA5E7E4C}
		{A75B6170-B281-4C48-B005-8BC57AA138A8} = {2317E9C1-7A04-46DA-A042-EC66C11BE2C2}
	EndGlobalSection
	GlobalSection(ExtensibilityGlobals) = postSolution
		SolutionGuid = {8F56C8F3-7B77-4C06-B814-CB9FD662A2D7}
	EndGlobalSection
EndGlobal
