
Microsoft Visual Studio Solution File, Format Version 12.00
# Visual Studio Version 17
VisualStudioVersion = 17.5.33530.505
MinimumVisualStudioVersion = 10.0.40219.1
Project("{2150E333-8FDC-42A3-9474-1A3956D46DE8}") = "AvroFusionSource", "AvroFusionSource", "{B764DA62-3CE5-4BB5-AE7D-B099FA5E7E4C}"
EndProject
Project("{FAE04EC0-301F-11D3-BF4B-00C04F79EFBC}") = "AvroFusionGenerator", "AvroFusionSource\AvroFusionGenerator\AvroFusionGenerator.csproj", "{13D7189C-D18E-45AD-9E8D-875EE62D343E}"
EndProject
Global
	GlobalSection(SolutionConfigurationPlatforms) = preSolution
		Debug|Any CPU = Debug|Any CPU
		Release|Any CPU = Release|Any CPU
	EndGlobalSection
	GlobalSection(ProjectConfigurationPlatforms) = postSolution
		{13D7189C-D18E-45AD-9E8D-875EE62D343E}.Debug|Any CPU.ActiveCfg = Debug|Any CPU
		{13D7189C-D18E-45AD-9E8D-875EE62D343E}.Debug|Any CPU.Build.0 = Debug|Any CPU
		{13D7189C-D18E-45AD-9E8D-875EE62D343E}.Release|Any CPU.ActiveCfg = Release|Any CPU
		{13D7189C-D18E-45AD-9E8D-875EE62D343E}.Release|Any CPU.Build.0 = Release|Any CPU
	EndGlobalSection
	GlobalSection(SolutionProperties) = preSolution
		HideSolutionNode = FALSE
	EndGlobalSection
	GlobalSection(NestedProjects) = preSolution
		{13D7189C-D18E-45AD-9E8D-875EE62D343E} = {B764DA62-3CE5-4BB5-AE7D-B099FA5E7E4C}
	EndGlobalSection
	GlobalSection(ExtensibilityGlobals) = postSolution
		SolutionGuid = {8F56C8F3-7B77-4C06-B814-CB9FD662A2D7}
	EndGlobalSection
EndGlobal
